# This file is automatically @generated by Cargo.
# It is not intended for manual editing.
version = 3

[[package]]
name = "iofs"
version = "0.0.3"
source = "registry+https://github.com/rust-lang/crates.io-index"
checksum = "f07b89e9723650a5fe0b659a47059f9d9d45db25ccf281dc88377dc0edd4ac28"

[[package]]
name = "rgit"
version = "0.1.0"
dependencies = [
 "iofs",
]
